
Microsoft Visual Studio Solution File, Format Version 12.00
# Visual Studio Express 2013 for Web
VisualStudioVersion = 12.0.21005.1
MinimumVisualStudioVersion = 10.0.40219.1
Project("{FAE04EC0-301F-11D3-BF4B-00C04F79EFBC}") = "KS.PizzaEmpire.WebAPI", "KS.PizzaEmpire.WebAPI\KS.PizzaEmpire.WebAPI.csproj", "{7E070748-0B30-416D-8D15-7973B350B99E}"
EndProject
Project("{FAE04EC0-301F-11D3-BF4B-00C04F79EFBC}") = "KS.PizzaEmpire.WebAPI.Tests", "KS.PizzaEmpire.WebAPI.Tests\KS.PizzaEmpire.WebAPI.Tests.csproj", "{64C0D365-3AED-42AA-818C-7545AE658A93}"
EndProject
Project("{2150E333-8FDC-42A3-9474-1A3956D46DE8}") = ".nuget", ".nuget", "{23468D79-9352-49E3-89A1-D98AF7EF048F}"
	ProjectSection(SolutionItems) = preProject
		.nuget\NuGet.Config = .nuget\NuGet.Config
		.nuget\NuGet.exe = .nuget\NuGet.exe
		.nuget\NuGet.targets = .nuget\NuGet.targets
	EndProjectSection
EndProject
Project("{FAE04EC0-301F-11D3-BF4B-00C04F79EFBC}") = "KS.PizzaEmpire.Services", "KS.PizzaEmpire.Services\KS.PizzaEmpire.Services.csproj", "{5CEB82EF-5EA5-44E2-9CE2-36C30A8D4791}"
EndProject
Project("{FAE04EC0-301F-11D3-BF4B-00C04F79EFBC}") = "KS.PizzaEmpire.Business", "KS.PizzaEmpire.Business\KS.PizzaEmpire.Business.csproj", "{4DA809FD-8D3C-470F-8608-04DA00F89554}"
EndProject
Project("{FAE04EC0-301F-11D3-BF4B-00C04F79EFBC}") = "KS.PizzaEmpire.Services.Test", "KS.PizzaEmpire.Services.Test\KS.PizzaEmpire.Services.Test.csproj", "{89C97F22-9093-408A-90AA-F4235FDA4E9F}"
EndProject
Project("{FAE04EC0-301F-11D3-BF4B-00C04F79EFBC}") = "KS.PizzaEmpire.DataAccess", "KS.PizzaEmpire.DataAccess\KS.PizzaEmpire.DataAccess.csproj", "{C76389D4-B828-448F-A610-7E2A9A5AF025}"
EndProject
Project("{FAE04EC0-301F-11D3-BF4B-00C04F79EFBC}") = "KS.PizzaEmpire.GameLogic", "KS.PizzaEmpire.GameLogic\KS.PizzaEmpire.GameLogic.csproj", "{08B464FA-CC66-4680-8E1A-370AAA7848E5}"
EndProject
Project("{FAE04EC0-301F-11D3-BF4B-00C04F79EFBC}") = "KS.PizzaEmpire.Business.Test", "KS.PizzaEmpire.Business.Test\KS.PizzaEmpire.Business.Test.csproj", "{A01FA806-14D7-4B19-80C9-1F609C64BD0F}"
EndProject
Project("{FAE04EC0-301F-11D3-BF4B-00C04F79EFBC}") = "KS.PizzaEmpire.DataAccess.Test", "KS.PizzaEmpire.DataAccess.Test\KS.PizzaEmpire.DataAccess.Test.csproj", "{3BCF965C-B7CC-4384-8D33-48E57D73B695}"
EndProject
Project("{FAE04EC0-301F-11D3-BF4B-00C04F79EFBC}") = "KS.PizzaEmpire.Common", "KS.PizzaEmpire.Common\KS.PizzaEmpire.Common.csproj", "{002AFA5C-8D13-4567-8730-498AF485A1CB}"
EndProject
Project("{FAE04EC0-301F-11D3-BF4B-00C04F79EFBC}") = "KS.PizzaEmpire.Common.Test", "KS.PizzaEmpire.Common.Test\KS.PizzaEmpire.Common.Test.csproj", "{29EA7144-18F3-4D78-B7D9-0D360D6772AF}"
EndProject
Project("{FAE04EC0-301F-11D3-BF4B-00C04F79EFBC}") = "KS.PizzaEmpire.GameLogic.Test", "KS.PizzaEmpire.GameLogic.Test\KS.PizzaEmpire.GameLogic.Test.csproj", "{C69936DD-DF2F-44C3-BE7C-155C3B3F5863}"
EndProject
Global
	GlobalSection(SolutionConfigurationPlatforms) = preSolution
		Debug|Any CPU = Debug|Any CPU
		Release|Any CPU = Release|Any CPU
	EndGlobalSection
	GlobalSection(ProjectConfigurationPlatforms) = postSolution
		{7E070748-0B30-416D-8D15-7973B350B99E}.Debug|Any CPU.ActiveCfg = Debug|Any CPU
		{7E070748-0B30-416D-8D15-7973B350B99E}.Debug|Any CPU.Build.0 = Debug|Any CPU
		{7E070748-0B30-416D-8D15-7973B350B99E}.Release|Any CPU.ActiveCfg = Release|Any CPU
		{7E070748-0B30-416D-8D15-7973B350B99E}.Release|Any CPU.Build.0 = Release|Any CPU
		{64C0D365-3AED-42AA-818C-7545AE658A93}.Debug|Any CPU.ActiveCfg = Debug|Any CPU
		{64C0D365-3AED-42AA-818C-7545AE658A93}.Debug|Any CPU.Build.0 = Debug|Any CPU
		{64C0D365-3AED-42AA-818C-7545AE658A93}.Release|Any CPU.ActiveCfg = Release|Any CPU
		{64C0D365-3AED-42AA-818C-7545AE658A93}.Release|Any CPU.Build.0 = Release|Any CPU
		{5CEB82EF-5EA5-44E2-9CE2-36C30A8D4791}.Debug|Any CPU.ActiveCfg = Debug|Any CPU
		{5CEB82EF-5EA5-44E2-9CE2-36C30A8D4791}.Debug|Any CPU.Build.0 = Debug|Any CPU
		{5CEB82EF-5EA5-44E2-9CE2-36C30A8D4791}.Release|Any CPU.ActiveCfg = Release|Any CPU
		{5CEB82EF-5EA5-44E2-9CE2-36C30A8D4791}.Release|Any CPU.Build.0 = Release|Any CPU
		{4DA809FD-8D3C-470F-8608-04DA00F89554}.Debug|Any CPU.ActiveCfg = Debug|Any CPU
		{4DA809FD-8D3C-470F-8608-04DA00F89554}.Debug|Any CPU.Build.0 = Debug|Any CPU
		{4DA809FD-8D3C-470F-8608-04DA00F89554}.Release|Any CPU.ActiveCfg = Release|Any CPU
		{4DA809FD-8D3C-470F-8608-04DA00F89554}.Release|Any CPU.Build.0 = Release|Any CPU
		{89C97F22-9093-408A-90AA-F4235FDA4E9F}.Debug|Any CPU.ActiveCfg = Debug|Any CPU
		{89C97F22-9093-408A-90AA-F4235FDA4E9F}.Debug|Any CPU.Build.0 = Debug|Any CPU
		{89C97F22-9093-408A-90AA-F4235FDA4E9F}.Release|Any CPU.ActiveCfg = Release|Any CPU
		{89C97F22-9093-408A-90AA-F4235FDA4E9F}.Release|Any CPU.Build.0 = Release|Any CPU
		{C76389D4-B828-448F-A610-7E2A9A5AF025}.Debug|Any CPU.ActiveCfg = Debug|Any CPU
		{C76389D4-B828-448F-A610-7E2A9A5AF025}.Debug|Any CPU.Build.0 = Debug|Any CPU
		{C76389D4-B828-448F-A610-7E2A9A5AF025}.Release|Any CPU.ActiveCfg = Release|Any CPU
		{C76389D4-B828-448F-A610-7E2A9A5AF025}.Release|Any CPU.Build.0 = Release|Any CPU
		{08B464FA-CC66-4680-8E1A-370AAA7848E5}.Debug|Any CPU.ActiveCfg = Debug|Any CPU
		{08B464FA-CC66-4680-8E1A-370AAA7848E5}.Debug|Any CPU.Build.0 = Debug|Any CPU
		{08B464FA-CC66-4680-8E1A-370AAA7848E5}.Release|Any CPU.ActiveCfg = Release|Any CPU
		{08B464FA-CC66-4680-8E1A-370AAA7848E5}.Release|Any CPU.Build.0 = Release|Any CPU
		{A01FA806-14D7-4B19-80C9-1F609C64BD0F}.Debug|Any CPU.ActiveCfg = Debug|Any CPU
		{A01FA806-14D7-4B19-80C9-1F609C64BD0F}.Debug|Any CPU.Build.0 = Debug|Any CPU
		{A01FA806-14D7-4B19-80C9-1F609C64BD0F}.Release|Any CPU.ActiveCfg = Release|Any CPU
		{A01FA806-14D7-4B19-80C9-1F609C64BD0F}.Release|Any CPU.Build.0 = Release|Any CPU
		{3BCF965C-B7CC-4384-8D33-48E57D73B695}.Debug|Any CPU.ActiveCfg = Debug|Any CPU
		{3BCF965C-B7CC-4384-8D33-48E57D73B695}.Debug|Any CPU.Build.0 = Debug|Any CPU
		{3BCF965C-B7CC-4384-8D33-48E57D73B695}.Release|Any CPU.ActiveCfg = Release|Any CPU
		{3BCF965C-B7CC-4384-8D33-48E57D73B695}.Release|Any CPU.Build.0 = Release|Any CPU
		{002AFA5C-8D13-4567-8730-498AF485A1CB}.Debug|Any CPU.ActiveCfg = Debug|Any CPU
		{002AFA5C-8D13-4567-8730-498AF485A1CB}.Debug|Any CPU.Build.0 = Debug|Any CPU
		{002AFA5C-8D13-4567-8730-498AF485A1CB}.Release|Any CPU.ActiveCfg = Release|Any CPU
		{002AFA5C-8D13-4567-8730-498AF485A1CB}.Release|Any CPU.Build.0 = Release|Any CPU
		{29EA7144-18F3-4D78-B7D9-0D360D6772AF}.Debug|Any CPU.ActiveCfg = Debug|Any CPU
		{29EA7144-18F3-4D78-B7D9-0D360D6772AF}.Debug|Any CPU.Build.0 = Debug|Any CPU
		{29EA7144-18F3-4D78-B7D9-0D360D6772AF}.Release|Any CPU.ActiveCfg = Release|Any CPU
		{29EA7144-18F3-4D78-B7D9-0D360D6772AF}.Release|Any CPU.Build.0 = Release|Any CPU
		{C69936DD-DF2F-44C3-BE7C-155C3B3F5863}.Debug|Any CPU.ActiveCfg = Debug|Any CPU
		{C69936DD-DF2F-44C3-BE7C-155C3B3F5863}.Debug|Any CPU.Build.0 = Debug|Any CPU
		{C69936DD-DF2F-44C3-BE7C-155C3B3F5863}.Release|Any CPU.ActiveCfg = Release|Any CPU
		{C69936DD-DF2F-44C3-BE7C-155C3B3F5863}.Release|Any CPU.Build.0 = Release|Any CPU
	EndGlobalSection
	GlobalSection(SolutionProperties) = preSolution
		HideSolutionNode = FALSE
	EndGlobalSection
EndGlobal
